{
  "nodes": {
    "darwin": {
      "inputs": {
        "nixpkgs": [
          "nixpkgs"
        ]
      },
      "locked": {
        "lastModified": 1685559570,
        "narHash": "sha256-MNIQvLRoq92isMLR/ordKNCl+aXNiuwBM4QyqmS8d00=",
        "owner": "lnl7",
        "repo": "nix-darwin",
        "rev": "4338bc869e9874d54a4c89539af72f16666b2abe",
        "type": "github"
      },
      "original": {
        "owner": "lnl7",
        "ref": "master",
        "repo": "nix-darwin",
        "type": "github"
      }
    },
    "grub2-themes": {
      "inputs": {
        "nixpkgs": "nixpkgs"
      },
      "locked": {
        "lastModified": 1681571100,
        "narHash": "sha256-Lw6LCn0tVF8f/v47RRthl0ZA/UgFGEEZOUXz5YjPgYM=",
        "owner": "vinceliuice",
        "repo": "grub2-themes",
        "rev": "8cd0ea9b4a3d3cd1b59a4342277f563413fb98d1",
        "type": "github"
      },
      "original": {
        "owner": "vinceliuice",
        "repo": "grub2-themes",
        "type": "github"
      }
    },
    "hardware": {
      "locked": {
        "lastModified": 1684899633,
        "narHash": "sha256-NtwerXX8UFsoNy6k+DukJMriWtEjQtMU/Urbff2O2Dg=",
        "owner": "nixos",
        "repo": "nixos-hardware",
        "rev": "4cc688ee711159b9bcb5a367be44007934e1a49d",
        "type": "github"
      },
      "original": {
        "owner": "nixos",
        "repo": "nixos-hardware",
        "type": "github"
      }
    },
    "haumea": {
      "inputs": {
        "nixpkgs": [
          "nixpkgs"
        ]
      },
      "locked": {
        "lastModified": 1685133574,
        "narHash": "sha256-BH/utyzbdD74772wQ2JUf0QP9hw8vz8QhjLAt/W5NhU=",
        "owner": "nix-community",
        "repo": "haumea",
        "rev": "214d73d9d5c44f92b6401af688c2688448768e23",
        "type": "github"
      },
      "original": {
        "owner": "nix-community",
        "repo": "haumea",
        "type": "github"
      }
    },
    "home-manager": {
      "inputs": {
        "nixpkgs": [
          "nixpkgs"
        ]
      },
      "locked": {
        "lastModified": 1685885003,
        "narHash": "sha256-+OB0EvZBfGvnlTGg6mtyUCqkMnUp9DkmRUU4d7BZBVE=",
        "owner": "nix-community",
        "repo": "home-manager",
        "rev": "607d8fad96436b134424b9935166a7cd0884003e",
        "type": "github"
      },
      "original": {
        "owner": "nix-community",
        "repo": "home-manager",
        "type": "github"
      }
    },
    "hyprland": {
      "inputs": {
        "hyprland-protocols": "hyprland-protocols",
        "nixpkgs": [
          "nixpkgs"
        ],
        "wlroots": "wlroots",
        "xdph": "xdph"
      },
      "locked": {
        "lastModified": 1685808451,
        "narHash": "sha256-IxiTI9WDvhIM8ciAmBX+EARu/B4h+quWLo/8w86tXrc=",
        "owner": "hyprwm",
        "repo": "Hyprland",
        "rev": "df98db50924c05f0bd7a8c95cdab5d4ece13a1f1",
        "type": "github"
      },
      "original": {
        "owner": "hyprwm",
        "repo": "Hyprland",
        "type": "github"
      }
    },
    "hyprland-protocols": {
      "inputs": {
        "nixpkgs": [
          "hyprland",
          "nixpkgs"
        ]
      },
      "locked": {
        "lastModified": 1684265364,
        "narHash": "sha256-AxNnWbthsuNx73HDQr0eBxrcE3+yfl/WsaXZqUFmkpQ=",
        "owner": "hyprwm",
        "repo": "hyprland-protocols",
        "rev": "8c279b9fb0f2b031427dc5ef4eab53f2ed835530",
        "type": "github"
      },
      "original": {
        "owner": "hyprwm",
        "repo": "hyprland-protocols",
        "type": "github"
      }
    },
    "impermanence": {
      "locked": {
        "lastModified": 1684264534,
        "narHash": "sha256-K0zr+ry3FwIo3rN2U/VWAkCJSgBslBisvfRIPwMbuCQ=",
        "owner": "nix-community",
        "repo": "impermanence",
        "rev": "89253fb1518063556edd5e54509c30ac3089d5e6",
        "type": "github"
      },
      "original": {
        "owner": "nix-community",
        "repo": "impermanence",
        "type": "github"
      }
    },
    "nixpkgs": {
      "locked": {
        "lastModified": 1685903289,
        "narHash": "sha256-3/Y0xEZ2aOc8saH9SSoQskt8w7zCT94GS8oE9bB0wUM=",
        "owner": "NixOS",
        "repo": "nixpkgs",
        "rev": "b4a2d6796437b1c108f86e28743988670f2afb86",
        "type": "github"
      },
      "original": {
        "owner": "NixOS",
        "ref": "master",
        "repo": "nixpkgs",
        "type": "github"
      }
    },
    "nixpkgs_2": {
      "locked": {
        "lastModified": 1685836261,
        "narHash": "sha256-rpxEPGeW4JZJcH58SQApJUtJ7w78VPtkF6Cut/Pq6Kg=",
        "owner": "NixOS",
        "repo": "nixpkgs",
        "rev": "dd4982554e18b936790da07c4ea2db7c7600f283",
        "type": "github"
      },
      "original": {
        "owner": "NixOS",
        "ref": "nixos-unstable",
        "repo": "nixpkgs",
        "type": "github"
      }
    },
    "nur": {
      "locked": {
        "lastModified": 1685893550,
        "narHash": "sha256-Cwq+lABEyFidJq1nipzGvLb7piwxSZNlXY3/m1O4/C4=",
        "owner": "nix-community",
        "repo": "NUR",
        "rev": "35b645c31b2b7e810e8b24167ef5659db761cd68",
        "type": "github"
      },
      "original": {
        "owner": "nix-community",
        "repo": "NUR",
        "type": "github"
      }
    },
    "root": {
      "inputs": {
        "darwin": "darwin",
        "grub2-themes": "grub2-themes",
        "hardware": "hardware",
        "haumea": "haumea",
        "home-manager": "home-manager",
        "hyprland": "hyprland",
        "impermanence": "impermanence",
        "nixpkgs": "nixpkgs_2",
        "nur": "nur"
      }
    },
    "wlroots": {
      "flake": false,
      "locked": {
        "host": "gitlab.freedesktop.org",
        "lastModified": 1685803001,
        "narHash": "sha256-yxq/U9zL1ssFZtgT27A96UKteCiKb3zSmbA/dokK76U=",
        "owner": "wlroots",
        "repo": "wlroots",
        "rev": "b61d5922f1d0910a848deb100570ad8587aea38d",
        "type": "gitlab"
      },
      "original": {
        "host": "gitlab.freedesktop.org",
        "owner": "wlroots",
        "repo": "wlroots",
        "type": "gitlab"
      }
    },
    "xdph": {
      "inputs": {
        "hyprland-protocols": [
          "hyprland",
          "hyprland-protocols"
        ],
        "nixpkgs": [
          "hyprland",
          "nixpkgs"
        ]
      },
      "locked": {
        "lastModified": 1685385764,
        "narHash": "sha256-r+XMyOoRXq+hlfjayb+fyi9kq2JK48TrwuNIAXqlj7U=",
        "owner": "hyprwm",
        "repo": "xdg-desktop-portal-hyprland",
        "rev": "4d9ff0c17716936e0b5ca577a39e263633901ed1",
        "type": "github"
      },
      "original": {
        "owner": "hyprwm",
        "repo": "xdg-desktop-portal-hyprland",
        "type": "github"
      }
    }
  },
  "root": "root",
  "version": 7
}
